
Microsoft Visual Studio Solution File, Format Version 12.00
# Visual Studio 15
VisualStudioVersion = 15.0.28307.572
MinimumVisualStudioVersion = 10.0.40219.1
Project("{FAE04EC0-301F-11D3-BF4B-00C04F79EFBC}") = "View", "View\View.csproj", "{6189E0FA-F80A-4E76-9A8E-3BAB8E239812}"
EndProject
Project("{FAE04EC0-301F-11D3-BF4B-00C04F79EFBC}") = "GeometricAlgorithms", "GeometricAlgorithms\GeometricAlgorithms.csproj", "{615C8A2D-7642-4F2E-8C44-482294A4E87E}"
EndProject
Global
	GlobalSection(SolutionConfigurationPlatforms) = preSolution
		Debug|Any CPU = Debug|Any CPU
		Release|Any CPU = Release|Any CPU
	EndGlobalSection
	GlobalSection(ProjectConfigurationPlatforms) = postSolution
		{6189E0FA-F80A-4E76-9A8E-3BAB8E239812}.Debug|Any CPU.ActiveCfg = Debug|Any CPU
		{6189E0FA-F80A-4E76-9A8E-3BAB8E239812}.Debug|Any CPU.Build.0 = Debug|Any CPU
		{6189E0FA-F80A-4E76-9A8E-3BAB8E239812}.Release|Any CPU.ActiveCfg = Release|Any CPU
		{6189E0FA-F80A-4E76-9A8E-3BAB8E239812}.Release|Any CPU.Build.0 = Release|Any CPU
		{615C8A2D-7642-4F2E-8C44-482294A4E87E}.Debug|Any CPU.ActiveCfg = Debug|Any CPU
		{615C8A2D-7642-4F2E-8C44-482294A4E87E}.Debug|Any CPU.Build.0 = Debug|Any CPU
		{615C8A2D-7642-4F2E-8C44-482294A4E87E}.Release|Any CPU.ActiveCfg = Release|Any CPU
		{615C8A2D-7642-4F2E-8C44-482294A4E87E}.Release|Any CPU.Build.0 = Release|Any CPU
	EndGlobalSection
	GlobalSection(SolutionProperties) = preSolution
		HideSolutionNode = FALSE
	EndGlobalSection
	GlobalSection(ExtensibilityGlobals) = postSolution
		SolutionGuid = {4FD637AC-8689-4D5C-9902-3331F6E39D71}
	EndGlobalSection
EndGlobal
